
Microsoft Visual Studio Solution File, Format Version 12.00
# Visual Studio Version 17
VisualStudioVersion = 17.9.34701.34
MinimumVisualStudioVersion = 10.0.40219.1
Project("{9A19103F-16F7-4668-BE54-9A1E7A4F7556}") = "ShoppingCart", "ShoppingCart.csproj", "{DFA2958B-9D8A-4CDD-B49F-BC24468AC8B8}"
EndProject
Global
	GlobalSection(SolutionConfigurationPlatforms) = preSolution
		Debug|Any CPU = Debug|Any CPU
		Release|Any CPU = Release|Any CPU
	EndGlobalSection
	GlobalSection(ProjectConfigurationPlatforms) = postSolution
		{DFA2958B-9D8A-4CDD-B49F-BC24468AC8B8}.Debug|Any CPU.ActiveCfg = Debug|Any CPU
		{DFA2958B-9D8A-4CDD-B49F-BC24468AC8B8}.Debug|Any CPU.Build.0 = Debug|Any CPU
		{DFA2958B-9D8A-4CDD-B49F-BC24468AC8B8}.Release|Any CPU.ActiveCfg = Release|Any CPU
		{DFA2958B-9D8A-4CDD-B49F-BC24468AC8B8}.Release|Any CPU.Build.0 = Release|Any CPU
	EndGlobalSection
	GlobalSection(SolutionProperties) = preSolution
		HideSolutionNode = FALSE
	EndGlobalSection
	GlobalSection(ExtensibilityGlobals) = postSolution
		SolutionGuid = {262CFE5F-3566-4009-BE08-4D8B0C790B7F}
	EndGlobalSection
EndGlobal
